Microsoft Visual Studio Solution File, Format Version 12.00
# Visual Studio Version 17
VisualStudioVersion = 17.5.2.0
MinimumVisualStudioVersion = 10.0.40219.1
Project("{FAE04EC0-301F-11D3-BF4B-00C04F79EFBC}") = "H04.Cts.HttpApi.Host", "H04.Cts.HttpApi.Host.csproj", "{D662D69E-1178-86B6-DC0E-FFAB1C1521B3}"
EndProject
Global
	GlobalSection(SolutionConfigurationPlatforms) = preSolution
		Debug|Any CPU = Debug|Any CPU
		Release|Any CPU = Release|Any CPU
	EndGlobalSection
	GlobalSection(ProjectConfigurationPlatforms) = postSolution
		{D662D69E-1178-86B6-DC0E-FFAB1C1521B3}.Debug|Any CPU.ActiveCfg = Debug|Any CPU
		{D662D69E-1178-86B6-DC0E-FFAB1C1521B3}.Debug|Any CPU.Build.0 = Debug|Any CPU
		{D662D69E-1178-86B6-DC0E-FFAB1C1521B3}.Release|Any CPU.ActiveCfg = Release|Any CPU
		{D662D69E-1178-86B6-DC0E-FFAB1C1521B3}.Release|Any CPU.Build.0 = Release|Any CPU
	EndGlobalSection
	GlobalSection(SolutionProperties) = preSolution
		HideSolutionNode = FALSE
	EndGlobalSection
	GlobalSection(ExtensibilityGlobals) = postSolution
		SolutionGuid = {38DCDE8C-AB77-4C3E-9B67-08C16B5C478B}
	EndGlobalSection
EndGlobal
